<?xml version="1.0" encoding="utf-8"?>
<Project ToolsVersion="16.0" xmlns="http://schemas.microsoft.com/developer/msbuild/2003">
  <ItemGroup>
    <ClCompile Include="Sample_Tutorial00_Basic.dir\source.cpp">
      <Filter>Source Files</Filter>
    </ClCompile>
  </ItemGroup>
  <ItemGroup>
    <ClInclude Include="C:\Hooman\GBC\GAME3121\ogre-next\Samples\2.0\Tutorials\Tutorial00_Basic\Tutorial00_Basic.h">
      <Filter>Header Files</Filter>
    </ClInclude>
  </ItemGroup>
  <ItemGroup>
    <Filter Include="Header Files">
      <UniqueIdentifier>{4C687027-C659-3ACE-BB00-78206EF2AB9A}</UniqueIdentifier>
    </Filter>
    <Filter Include="Source Files">
      <UniqueIdentifier>{0591305C-81E3-3701-A3AA-8E6C44DA7479}</UniqueIdentifier>
    </Filter>
  </ItemGroup>
</Project>